// !$*UTF8*$!
{
	archiveVersion = 1;
	classes = {
	};
	objectVersion = 55;
	objects = {

/* Begin PBXBuildFile section */
		340E828827FE698600A23BEB /* CellData.swift in Sources */ = {isa = PBXBuildFile; fileRef = 340E828727FE698600A23BEB /* CellData.swift */; };
		340E828C28076D3E00A23BEB /* TableViewController.swift in Sources */ = {isa = PBXBuildFile; fileRef = 340E828B28076D3E00A23BEB /* TableViewController.swift */; };
		340E828F28076E5200A23BEB /* DataCell.swift in Sources */ = {isa = PBXBuildFile; fileRef = 340E828D28076E5200A23BEB /* DataCell.swift */; };
		340E829028076E5200A23BEB /* DataCell.xib in Resources */ = {isa = PBXBuildFile; fileRef = 340E828E28076E5200A23BEB /* DataCell.xib */; };
		340E82922807714500A23BEB /* PostResponse.swift in Sources */ = {isa = PBXBuildFile; fileRef = 340E82912807714500A23BEB /* PostResponse.swift */; };
		341B5AF527FABA5D00E1047A /* Networking.swift in Sources */ = {isa = PBXBuildFile; fileRef = 341B5AF427FABA5D00E1047A /* Networking.swift */; };
		3422773727C449ED00C037CB /* AppDelegate.swift in Sources */ = {isa = PBXBuildFile; fileRef = 3422773627C449ED00C037CB /* AppDelegate.swift */; };
		3422773927C449ED00C037CB /* SceneDelegate.swift in Sources */ = {isa = PBXBuildFile; fileRef = 3422773827C449ED00C037CB /* SceneDelegate.swift */; };
		3422773B27C449ED00C037CB /* ViewController.swift in Sources */ = {isa = PBXBuildFile; fileRef = 3422773A27C449ED00C037CB /* ViewController.swift */; };
		3422773E27C449ED00C037CB /* Main.storyboard in Resources */ = {isa = PBXBuildFile; fileRef = 3422773C27C449ED00C037CB /* Main.storyboard */; };
		3422774327C449F100C037CB /* Assets.xcassets in Resources */ = {isa = PBXBuildFile; fileRef = 3422774227C449F100C037CB /* Assets.xcassets */; };
		342876CC280777A100CF4866 /* CustomWebViewController.swift in Sources */ = {isa = PBXBuildFile; fileRef = 342876CB280777A100CF4866 /* CustomWebViewController.swift */; };
		34A9A58F27F134F200402A81 /* BrainSolutions.swift in Sources */ = {isa = PBXBuildFile; fileRef = 34A9A58E27F134F200402A81 /* BrainSolutions.swift */; };
		34A9A59127F1350F00402A81 /* Brain.swift in Sources */ = {isa = PBXBuildFile; fileRef = 34A9A59027F1350E00402A81 /* Brain.swift */; };
		34A9A59527F1611B00402A81 /* SecondViewController.swift in Sources */ = {isa = PBXBuildFile; fileRef = 34A9A59427F1611B00402A81 /* SecondViewController.swift */; };
		34C7F2C3282F771F00D89768 /* Constraint in Resources */ = {isa = PBXBuildFile; fileRef = 34C7F2C2282F771F00D89768 /* Constraint */; };
/* End PBXBuildFile section */

/* Begin PBXFileReference section */
		34055CD62810A48B00DC65C0 /* Crypto Mining TroubleShooter.entitlements */ = {isa = PBXFileReference; lastKnownFileType = text.plist.entitlements; path = "Crypto Mining TroubleShooter.entitlements"; sourceTree = "<group>"; };
		340E828727FE698600A23BEB /* CellData.swift */ = {isa = PBXFileReference; lastKnownFileType = sourcecode.swift; path = CellData.swift; sourceTree = "<group>"; };
		340E828B28076D3E00A23BEB /* TableViewController.swift */ = {isa = PBXFileReference; lastKnownFileType = sourcecode.swift; path = TableViewController.swift; sourceTree = "<group>"; };
		340E828D28076E5200A23BEB /* DataCell.swift */ = {isa = PBXFileReference; lastKnownFileType = sourcecode.swift; path = DataCell.swift; sourceTree = "<group>"; };
		340E828E28076E5200A23BEB /* DataCell.xib */ = {isa = PBXFileReference; lastKnownFileType = file.xib; path = DataCell.xib; sourceTree = "<group>"; };
		340E82912807714500A23BEB /* PostResponse.swift */ = {isa = PBXFileReference; lastKnownFileType = sourcecode.swift; path = PostResponse.swift; sourceTree = "<group>"; };
		341B5AF427FABA5D00E1047A /* Networking.swift */ = {isa = PBXFileReference; lastKnownFileType = sourcecode.swift; path = Networking.swift; sourceTree = "<group>"; };
		3422773327C449ED00C037CB /* Crypto Mining TroubleShooter.app */ = {isa = PBXFileReference; explicitFileType = wrapper.application; includeInIndex = 0; path = "Crypto Mining TroubleShooter.app"; sourceTree = BUILT_PRODUCTS_DIR; };
		3422773627C449ED00C037CB /* AppDelegate.swift */ = {isa = PBXFileReference; lastKnownFileType = sourcecode.swift; path = AppDelegate.swift; sourceTree = "<group>"; };
		3422773827C449ED00C037CB /* SceneDelegate.swift */ = {isa = PBXFileReference; lastKnownFileType = sourcecode.swift; path = SceneDelegate.swift; sourceTree = "<group>"; };
		3422773A27C449ED00C037CB /* ViewController.swift */ = {isa = PBXFileReference; lastKnownFileType = sourcecode.swift; path = ViewController.swift; sourceTree = "<group>"; };
		3422773D27C449ED00C037CB /* Base */ = {isa = PBXFileReference; lastKnownFileType = file.storyboard; name = Base; path = Base.lproj/Main.storyboard; sourceTree = "<group>"; };
		3422774227C449F100C037CB /* Assets.xcassets */ = {isa = PBXFileReference; lastKnownFileType = folder.assetcatalog; path = Assets.xcassets; sourceTree = "<group>"; };
		3422774727C449F100C037CB /* Info.plist */ = {isa = PBXFileReference; lastKnownFileType = text.plist.xml; path = Info.plist; sourceTree = "<group>"; };
		342876CB280777A100CF4866 /* CustomWebViewController.swift */ = {isa = PBXFileReference; lastKnownFileType = sourcecode.swift; path = CustomWebViewController.swift; sourceTree = "<group>"; };
		34A9A58E27F134F200402A81 /* BrainSolutions.swift */ = {isa = PBXFileReference; lastKnownFileType = sourcecode.swift; path = BrainSolutions.swift; sourceTree = "<group>"; };
		34A9A59027F1350E00402A81 /* Brain.swift */ = {isa = PBXFileReference; lastKnownFileType = sourcecode.swift; path = Brain.swift; sourceTree = "<group>"; };
		34A9A59427F1611B00402A81 /* SecondViewController.swift */ = {isa = PBXFileReference; lastKnownFileType = sourcecode.swift; path = SecondViewController.swift; sourceTree = "<group>"; };
		34C7F2C2282F771F00D89768 /* Constraint */ = {isa = PBXFileReference; lastKnownFileType = folder; path = Constraint; sourceTree = "<group>"; };
/* End PBXFileReference section */

/* Begin PBXFrameworksBuildPhase section */
		3422773027C449EC00C037CB /* Frameworks */ = {
			isa = PBXFrameworksBuildPhase;
			buildActionMask = 2147483647;
			files = (
			);
			runOnlyForDeploymentPostprocessing = 0;
		};
/* End PBXFrameworksBuildPhase section */

/* Begin PBXGroup section */
		3422772A27C449EC00C037CB = {
			isa = PBXGroup;
			children = (
				3422773527C449ED00C037CB /* Crypto Mining TroubleShooter */,
				3422773427C449ED00C037CB /* Products */,
			);
			sourceTree = "<group>";
		};
		3422773427C449ED00C037CB /* Products */ = {
			isa = PBXGroup;
			children = (
				3422773327C449ED00C037CB /* Crypto Mining TroubleShooter.app */,
			);
			name = Products;
			sourceTree = "<group>";
		};
		3422773527C449ED00C037CB /* Crypto Mining TroubleShooter */ = {
			isa = PBXGroup;
			children = (
				34055CD62810A48B00DC65C0 /* Crypto Mining TroubleShooter.entitlements */,
				3422773627C449ED00C037CB /* AppDelegate.swift */,
				3422773827C449ED00C037CB /* SceneDelegate.swift */,
				34A9A58D27F134E000402A81 /* Model */,
				34A9A58C27F134B500402A81 /* View */,
				34A9A58B27F134A400402A81 /* Controller */,
				34C7F2C2282F771F00D89768 /* Constraint */,
				3422774227C449F100C037CB /* Assets.xcassets */,
				3422774727C449F100C037CB /* Info.plist */,
			);
			path = "Crypto Mining TroubleShooter";
			sourceTree = "<group>";
		};
		34A9A58B27F134A400402A81 /* Controller */ = {
			isa = PBXGroup;
			children = (
				3422773A27C449ED00C037CB /* ViewController.swift */,
				34A9A59427F1611B00402A81 /* SecondViewController.swift */,
				340E828B28076D3E00A23BEB /* TableViewController.swift */,
				340E828D28076E5200A23BEB /* DataCell.swift */,
				342876CB280777A100CF4866 /* CustomWebViewController.swift */,
			);
			path = Controller;
			sourceTree = "<group>";
		};
		34A9A58C27F134B500402A81 /* View */ = {
			isa = PBXGroup;
			children = (
				3422773C27C449ED00C037CB /* Main.storyboard */,
				340E828E28076E5200A23BEB /* DataCell.xib */,
			);
			path = View;
			sourceTree = "<group>";
		};
		34A9A58D27F134E000402A81 /* Model */ = {
			isa = PBXGroup;
			children = (
				34A9A58E27F134F200402A81 /* BrainSolutions.swift */,
				34A9A59027F1350E00402A81 /* Brain.swift */,
				341B5AF427FABA5D00E1047A /* Networking.swift */,
				340E828727FE698600A23BEB /* CellData.swift */,
				340E82912807714500A23BEB /* PostResponse.swift */,
			);
			path = Model;
			sourceTree = "<group>";
		};
/* End PBXGroup section */

/* Begin PBXNativeTarget section */
		3422773227C449EC00C037CB /* Crypto Mining TroubleShooter */ = {
			isa = PBXNativeTarget;
			buildConfigurationList = 3422776027C449F200C037CB /* Build configuration list for PBXNativeTarget "Crypto Mining TroubleShooter" */;
			buildPhases = (
				3422772F27C449EC00C037CB /* Sources */,
				3422773027C449EC00C037CB /* Frameworks */,
				3422773127C449EC00C037CB /* Resources */,
			);
			buildRules = (
			);
			dependencies = (
			);
			name = "Crypto Mining TroubleShooter";
			productName = "Crypto Mining Trouble Shooter (UIKit)";
			productReference = 3422773327C449ED00C037CB /* Crypto Mining TroubleShooter.app */;
			productType = "com.apple.product-type.application";
		};
/* End PBXNativeTarget section */

/* Begin PBXProject section */
		3422772B27C449EC00C037CB /* Project object */ = {
			isa = PBXProject;
			attributes = {
				BuildIndependentTargetsInParallel = 1;
				LastSwiftUpdateCheck = 1320;
				LastUpgradeCheck = 1320;
				TargetAttributes = {
					3422773227C449EC00C037CB = {
						CreatedOnToolsVersion = 13.2.1;
					};
				};
			};
			buildConfigurationList = 3422772E27C449EC00C037CB /* Build configuration list for PBXProject "Crypto Mining TroubleShooter" */;
			compatibilityVersion = "Xcode 13.0";
			developmentRegion = en;
			hasScannedForEncodings = 0;
			knownRegions = (
				en,
				Base,
			);
			mainGroup = 3422772A27C449EC00C037CB;
			productRefGroup = 3422773427C449ED00C037CB /* Products */;
			projectDirPath = "";
			projectRoot = "";
			targets = (
				3422773227C449EC00C037CB /* Crypto Mining TroubleShooter */,
			);
		};
/* End PBXProject section */

/* Begin PBXResourcesBuildPhase section */
		3422773127C449EC00C037CB /* Resources */ = {
			isa = PBXResourcesBuildPhase;
			buildActionMask = 2147483647;
			files = (
				3422774327C449F100C037CB /* Assets.xcassets in Resources */,
				340E829028076E5200A23BEB /* DataCell.xib in Resources */,
				3422773E27C449ED00C037CB /* Main.storyboard in Resources */,
				34C7F2C3282F771F00D89768 /* Constraint in Resources */,
			);
			runOnlyForDeploymentPostprocessing = 0;
		};
/* End PBXResourcesBuildPhase section */

/* Begin PBXSourcesBuildPhase section */
		3422772F27C449EC00C037CB /* Sources */ = {
			isa = PBXSourcesBuildPhase;
			buildActionMask = 2147483647;
			files = (
				3422773B27C449ED00C037CB /* ViewController.swift in Sources */,
				342876CC280777A100CF4866 /* CustomWebViewController.swift in Sources */,
				341B5AF527FABA5D00E1047A /* Networking.swift in Sources */,
				340E828C28076D3E00A23BEB /* TableViewController.swift in Sources */,
				340E828827FE698600A23BEB /* CellData.swift in Sources */,
				34A9A59527F1611B00402A81 /* SecondViewController.swift in Sources */,
				340E828F28076E5200A23BEB /* DataCell.swift in Sources */,
				34A9A59127F1350F00402A81 /* Brain.swift in Sources */,
				3422773727C449ED00C037CB /* AppDelegate.swift in Sources */,
				34A9A58F27F134F200402A81 /* BrainSolutions.swift in Sources */,
				340E82922807714500A23BEB /* PostResponse.swift in Sources */,
				3422773927C449ED00C037CB /* SceneDelegate.swift in Sources */,
			);
			runOnlyForDeploymentPostprocessing = 0;
		};
/* End PBXSourcesBuildPhase section */

/* Begin PBXVariantGroup section */
		3422773C27C449ED00C037CB /* Main.storyboard */ = {
			isa = PBXVariantGroup;
			children = (
				3422773D27C449ED00C037CB /* Base */,
			);
			name = Main.storyboard;
			sourceTree = "<group>";
		};
/* End PBXVariantGroup section */

/* Begin XCBuildConfiguration section */
		3422775E27C449F200C037CB /* Debug */ = {
			isa = XCBuildConfiguration;
			buildSettings = {
				ALWAYS_SEARCH_USER_PATHS = NO;
				CLANG_ANALYZER_NONNULL = YES;
				CLANG_ANALYZER_NUMBER_OBJECT_CONVERSION = YES_AGGRESSIVE;
				CLANG_CXX_LANGUAGE_STANDARD = "gnu++17";
				CLANG_CXX_LIBRARY = "libc++";
				CLANG_ENABLE_MODULES = YES;
				CLANG_ENABLE_OBJC_ARC = YES;
				CLANG_ENABLE_OBJC_WEAK = YES;
				CLANG_WARN_BLOCK_CAPTURE_AUTORELEASING = YES;
				CLANG_WARN_BOOL_CONVERSION = YES;
				CLANG_WARN_COMMA = YES;
				CLANG_WARN_CONSTANT_CONVERSION = YES;
				CLANG_WARN_DEPRECATED_OBJC_IMPLEMENTATIONS = YES;
				CLANG_WARN_DIRECT_OBJC_ISA_USAGE = YES_ERROR;
				CLANG_WARN_DOCUMENTATION_COMMENTS = YES;
				CLANG_WARN_EMPTY_BODY = YES;
				CLANG_WARN_ENUM_CONVERSION = YES;
				CLANG_WARN_INFINITE_RECURSION = YES;
				CLANG_WARN_INT_CONVERSION = YES;
				CLANG_WARN_NON_LITERAL_NULL_CONVERSION = YES;
				CLANG_WARN_OBJC_IMPLICIT_RETAIN_SELF = YES;
				CLANG_WARN_OBJC_LITERAL_CONVERSION = YES;
				CLANG_WARN_OBJC_ROOT_CLASS = YES_ERROR;
				CLANG_WARN_QUOTED_INCLUDE_IN_FRAMEWORK_HEADER = YES;
				CLANG_WARN_RANGE_LOOP_ANALYSIS = YES;
				CLANG_WARN_STRICT_PROTOTYPES = YES;
				CLANG_WARN_SUSPICIOUS_MOVE = YES;
				CLANG_WARN_UNGUARDED_AVAILABILITY = YES_AGGRESSIVE;
				CLANG_WARN_UNREACHABLE_CODE = YES;
				CLANG_WARN__DUPLICATE_METHOD_MATCH = YES;
				COPY_PHASE_STRIP = NO;
				DEBUG_INFORMATION_FORMAT = dwarf;
				ENABLE_STRICT_OBJC_MSGSEND = YES;
				ENABLE_TESTABILITY = YES;
				GCC_C_LANGUAGE_STANDARD = gnu11;
				GCC_DYNAMIC_NO_PIC = NO;
				GCC_NO_COMMON_BLOCKS = YES;
				GCC_OPTIMIZATION_LEVEL = 0;
				GCC_PREPROCESSOR_DEFINITIONS = (
					"DEBUG=1",
					"$(inherited)",
				);
				GCC_WARN_64_TO_32_BIT_CONVERSION = YES;
				GCC_WARN_ABOUT_RETURN_TYPE = YES_ERROR;
				GCC_WARN_UNDECLARED_SELECTOR = YES;
				GCC_WARN_UNINITIALIZED_AUTOS = YES_AGGRESSIVE;
				GCC_WARN_UNUSED_FUNCTION = YES;
				GCC_WARN_UNUSED_VARIABLE = YES;
				INFOPLIST_FILE = "Crypto Mining TroubleShooter/Info.plist";
				IPHONEOS_DEPLOYMENT_TARGET = 15.0;
				MTL_ENABLE_DEBUG_INFO = INCLUDE_SOURCE;
				MTL_FAST_MATH = YES;
				ONLY_ACTIVE_ARCH = YES;
				SDKROOT = iphoneos;
				SWIFT_ACTIVE_COMPILATION_CONDITIONS = DEBUG;
				SWIFT_OPTIMIZATION_LEVEL = "-Onone";
			};
			name = Debug;
		};
		3422775F27C449F200C037CB /* Release */ = {
			isa = XCBuildConfiguration;
			buildSettings = {
				ALWAYS_SEARCH_USER_PATHS = NO;
				CLANG_ANALYZER_NONNULL = YES;
				CLANG_ANALYZER_NUMBER_OBJECT_CONVERSION = YES_AGGRESSIVE;
				CLANG_CXX_LANGUAGE_STANDARD = "gnu++17";
				CLANG_CXX_LIBRARY = "libc++";
				CLANG_ENABLE_MODULES = YES;
				CLANG_ENABLE_OBJC_ARC = YES;
				CLANG_ENABLE_OBJC_WEAK = YES;
				CLANG_WARN_BLOCK_CAPTURE_AUTORELEASING = YES;
				CLANG_WARN_BOOL_CONVERSION = YES;
				CLANG_WARN_COMMA = YES;
				CLANG_WARN_CONSTANT_CONVERSION = YES;
				CLANG_WARN_DEPRECATED_OBJC_IMPLEMENTATIONS = YES;
				CLANG_WARN_DIRECT_OBJC_ISA_USAGE = YES_ERROR;
				CLANG_WARN_DOCUMENTATION_COMMENTS = YES;
				CLANG_WARN_EMPTY_BODY = YES;
				CLANG_WARN_ENUM_CONVERSION = YES;
				CLANG_WARN_INFINITE_RECURSION = YES;
				CLANG_WARN_INT_CONVERSION = YES;
				CLANG_WARN_NON_LITERAL_NULL_CONVERSION = YES;
				CLANG_WARN_OBJC_IMPLICIT_RETAIN_SELF = YES;
				CLANG_WARN_OBJC_LITERAL_CONVERSION = YES;
				CLANG_WARN_OBJC_ROOT_CLASS = YES_ERROR;
				CLANG_WARN_QUOTED_INCLUDE_IN_FRAMEWORK_HEADER = YES;
				CLANG_WARN_RANGE_LOOP_ANALYSIS = YES;
				CLANG_WARN_STRICT_PROTOTYPES = YES;
				CLANG_WARN_SUSPICIOUS_MOVE = YES;
				CLANG_WARN_UNGUARDED_AVAILABILITY = YES_AGGRESSIVE;
				CLANG_WARN_UNREACHABLE_CODE = YES;
				CLANG_WARN__DUPLICATE_METHOD_MATCH = YES;
				COPY_PHASE_STRIP = NO;
				DEBUG_INFORMATION_FORMAT = "dwarf-with-dsym";
				ENABLE_NS_ASSERTIONS = NO;
				ENABLE_STRICT_OBJC_MSGSEND = YES;
				GCC_C_LANGUAGE_STANDARD = gnu11;
				GCC_NO_COMMON_BLOCKS = YES;
				GCC_WARN_64_TO_32_BIT_CONVERSION = YES;
				GCC_WARN_ABOUT_RETURN_TYPE = YES_ERROR;
				GCC_WARN_UNDECLARED_SELECTOR = YES;
				GCC_WARN_UNINITIALIZED_AUTOS = YES_AGGRESSIVE;
				GCC_WARN_UNUSED_FUNCTION = YES;
				GCC_WARN_UNUSED_VARIABLE = YES;
				INFOPLIST_FILE = "Crypto Mining TroubleShooter/Info.plist";
				IPHONEOS_DEPLOYMENT_TARGET = 15.0;
				MTL_ENABLE_DEBUG_INFO = NO;
				MTL_FAST_MATH = YES;
				SDKROOT = iphoneos;
				SWIFT_COMPILATION_MODE = wholemodule;
				SWIFT_OPTIMIZATION_LEVEL = "-O";
				VALIDATE_PRODUCT = YES;
			};
			name = Release;
		};
		3422776127C449F200C037CB /* Debug */ = {
			isa = XCBuildConfiguration;
			buildSettings = {
				ASSETCATALOG_COMPILER_APPICON_NAME = AppIcon;
				ASSETCATALOG_COMPILER_GLOBAL_ACCENT_COLOR_NAME = AccentColor;
				ASSETCATALOG_COMPILER_INCLUDE_ALL_APPICON_ASSETS = YES;
				CODE_SIGN_ENTITLEMENTS = "Crypto Mining TroubleShooter/Crypto Mining TroubleShooter.entitlements";
				CODE_SIGN_STYLE = Automatic;
				CURRENT_PROJECT_VERSION = 1;
				DEVELOPMENT_TEAM = D6L69DDKK8;
				GENERATE_INFOPLIST_FILE = YES;
				INFOPLIST_FILE = "Crypto Mining TroubleShooter/Info.plist";
				INFOPLIST_KEY_CFBundleDisplayName = TroubleShooter;
				INFOPLIST_KEY_LSApplicationCategoryType = "public.app-category.utilities";
				INFOPLIST_KEY_UIApplicationSupportsIndirectInputEvents = YES;
				INFOPLIST_KEY_UILaunchStoryboardName = Main;
				INFOPLIST_KEY_UIMainStoryboardFile = Main;
				INFOPLIST_KEY_UIRequiresFullScreen = NO;
				INFOPLIST_KEY_UISupportedInterfaceOrientations = UIInterfaceOrientationPortrait;
				INFOPLIST_KEY_UISupportedInterfaceOrientations_iPad = "UIInterfaceOrientationPortrait UIInterfaceOrientationPortraitUpsideDown UIInterfaceOrientationLandscapeLeft UIInterfaceOrientationLandscapeRight";
				INFOPLIST_KEY_UISupportedInterfaceOrientations_iPhone = "UIInterfaceOrientationPortrait UIInterfaceOrientationLandscapeLeft UIInterfaceOrientationLandscapeRight";
				IPHONEOS_DEPLOYMENT_TARGET = 15.0;
				LD_RUNPATH_SEARCH_PATHS = (
					"$(inherited)",
					"@executable_path/Frameworks",
				);
				MARKETING_VERSION = 1.4;
				PRODUCT_BUNDLE_IDENTIFIER = "ca.retrowhale.Crypto-Mining-TroubleShooter";
				PRODUCT_NAME = "$(TARGET_NAME)";
				SUPPORTS_MACCATALYST = YES;
				SWIFT_EMIT_LOC_STRINGS = YES;
				SWIFT_VERSION = 5.0;
				TARGETED_DEVICE_FAMILY = "1,2";
			};
			name = Debug;
		};
		3422776227C449F200C037CB /* Release */ = {
			isa = XCBuildConfiguration;
			buildSettings = {
				ASSETCATALOG_COMPILER_APPICON_NAME = AppIcon;
				ASSETCATALOG_COMPILER_GLOBAL_ACCENT_COLOR_NAME = AccentColor;
				ASSETCATALOG_COMPILER_INCLUDE_ALL_APPICON_ASSETS = YES;
				CODE_SIGN_ENTITLEMENTS = "Crypto Mining TroubleShooter/Crypto Mining TroubleShooter.entitlements";
				CODE_SIGN_STYLE = Automatic;
				CURRENT_PROJECT_VERSION = 1;
				DEVELOPMENT_TEAM = D6L69DDKK8;
				GENERATE_INFOPLIST_FILE = YES;
				INFOPLIST_FILE = "Crypto Mining TroubleShooter/Info.plist";
				INFOPLIST_KEY_CFBundleDisplayName = TroubleShooter;
				INFOPLIST_KEY_LSApplicationCategoryType = "public.app-category.utilities";
				INFOPLIST_KEY_UIApplicationSupportsIndirectInputEvents = YES;
				INFOPLIST_KEY_UILaunchStoryboardName = Main;
				INFOPLIST_KEY_UIMainStoryboardFile = Main;
				INFOPLIST_KEY_UIRequiresFullScreen = NO;
				INFOPLIST_KEY_UISupportedInterfaceOrientations = UIInterfaceOrientationPortrait;
				INFOPLIST_KEY_UISupportedInterfaceOrientations_iPad = "UIInterfaceOrientationPortrait UIInterfaceOrientationPortraitUpsideDown UIInterfaceOrientationLandscapeLeft UIInterfaceOrientationLandscapeRight";
				INFOPLIST_KEY_UISupportedInterfaceOrientations_iPhone = "UIInterfaceOrientationPortrait UIInterfaceOrientationLandscapeLeft UIInterfaceOrientationLandscapeRight";
				IPHONEOS_DEPLOYMENT_TARGET = 15.0;
				LD_RUNPATH_SEARCH_PATHS = (
					"$(inherited)",
					"@executable_path/Frameworks",
				);
				MARKETING_VERSION = 1.4;
				PRODUCT_BUNDLE_IDENTIFIER = "ca.retrowhale.Crypto-Mining-TroubleShooter";
				PRODUCT_NAME = "$(TARGET_NAME)";
				SUPPORTS_MACCATALYST = YES;
				SWIFT_EMIT_LOC_STRINGS = YES;
				SWIFT_VERSION = 5.0;
				TARGETED_DEVICE_FAMILY = "1,2";
			};
			name = Release;
		};
/* End XCBuildConfiguration section */

/* Begin XCConfigurationList section */
		3422772E27C449EC00C037CB /* Build configuration list for PBXProject "Crypto Mining TroubleShooter" */ = {
			isa = XCConfigurationList;
			buildConfigurations = (
				3422775E27C449F200C037CB /* Debug */,
				3422775F27C449F200C037CB /* Release */,
			);
			defaultConfigurationIsVisible = 0;
			defaultConfigurationName = Release;
		};
		3422776027C449F200C037CB /* Build configuration list for PBXNativeTarget "Crypto Mining TroubleShooter" */ = {
			isa = XCConfigurationList;
			buildConfigurations = (
				3422776127C449F200C037CB /* Debug */,
				3422776227C449F200C037CB /* Release */,
			);
			defaultConfigurationIsVisible = 0;
			defaultConfigurationName = Release;
		};
/* End XCConfigurationList section */
	};
	rootObject = 3422772B27C449EC00C037CB /* Project object */;
}
